// !$*UTF8*$!
{
	archiveVersion = 1;
	classes = {
	};
	objectVersion = 77;
	objects = {

/* Begin PBXBuildFile section */
		78F1011F2D0EF17000FD5774 /* FirebaseAnalytics in Frameworks */ = {isa = PBXBuildFile; productRef = 78F1011E2D0EF17000FD5774 /* FirebaseAnalytics */; };
		78F101212D0EF17000FD5774 /* FirebaseAnalyticsOnDeviceConversion in Frameworks */ = {isa = PBXBuildFile; productRef = 78F101202D0EF17000FD5774 /* FirebaseAnalyticsOnDeviceConversion */; };
		78F101232D0EF17000FD5774 /* FirebaseAnalyticsWithoutAdIdSupport in Frameworks */ = {isa = PBXBuildFile; productRef = 78F101222D0EF17000FD5774 /* FirebaseAnalyticsWithoutAdIdSupport */; };
		78F101252D0EF17000FD5774 /* FirebaseAppCheck in Frameworks */ = {isa = PBXBuildFile; productRef = 78F101242D0EF17000FD5774 /* FirebaseAppCheck */; };
		78F101272D0EF17000FD5774 /* FirebaseAppDistribution-Beta in Frameworks */ = {isa = PBXBuildFile; productRef = 78F101262D0EF17000FD5774 /* FirebaseAppDistribution-Beta */; };
		78F101392D0F277900FD5774 /* GoogleSignIn in Frameworks */ = {isa = PBXBuildFile; productRef = 78F101382D0F277900FD5774 /* GoogleSignIn */; };
		78F1013B2D0F277900FD5774 /* GoogleSignInSwift in Frameworks */ = {isa = PBXBuildFile; productRef = 78F1013A2D0F277900FD5774 /* GoogleSignInSwift */; };
		78F101402D0F301700FD5774 /* FirebaseAuth in Frameworks */ = {isa = PBXBuildFile; productRef = 78F1013F2D0F301700FD5774 /* FirebaseAuth */; };
		78F101422D0F305500FD5774 /* FirebaseCore in Frameworks */ = {isa = PBXBuildFile; productRef = 78F101412D0F305500FD5774 /* FirebaseCore */; };
		78F101442D0F305500FD5774 /* FirebaseDatabase in Frameworks */ = {isa = PBXBuildFile; productRef = 78F101432D0F305500FD5774 /* FirebaseDatabase */; };
		78F101462D0F305500FD5774 /* FirebaseFirestore in Frameworks */ = {isa = PBXBuildFile; productRef = 78F101452D0F305500FD5774 /* FirebaseFirestore */; };
		78F101482D0F305500FD5774 /* FirebaseStorage in Frameworks */ = {isa = PBXBuildFile; productRef = 78F101472D0F305500FD5774 /* FirebaseStorage */; };
/* End PBXBuildFile section */

/* Begin PBXCopyFilesBuildPhase section */
		340EE7132CEB3813006A60DF /* Embed Frameworks */ = {
			isa = PBXCopyFilesBuildPhase;
			buildActionMask = 2147483647;
			dstPath = "";
			dstSubfolderSpec = 10;
			files = (
			);
			name = "Embed Frameworks";
			runOnlyForDeploymentPostprocessing = 0;
		};
/* End PBXCopyFilesBuildPhase section */

/* Begin PBXFileReference section */
		786254322CD68662003A668A /* MoneyPlant App.app */ = {isa = PBXFileReference; explicitFileType = wrapper.application; includeInIndex = 0; path = "MoneyPlant App.app"; sourceTree = BUILT_PRODUCTS_DIR; };
/* End PBXFileReference section */

/* Begin PBXFileSystemSynchronizedBuildFileExceptionSet section */
		786254472CD68663003A668A /* Exceptions for "MoneyPlant App" folder in "MoneyPlant App" target */ = {
			isa = PBXFileSystemSynchronizedBuildFileExceptionSet;
			membershipExceptions = (
				Info.plist,
			);
			target = 786254312CD68662003A668A /* MoneyPlant App */;
		};
/* End PBXFileSystemSynchronizedBuildFileExceptionSet section */

/* Begin PBXFileSystemSynchronizedRootGroup section */
		786254342CD68662003A668A /* MoneyPlant App */ = {
			isa = PBXFileSystemSynchronizedRootGroup;
			exceptions = (
				786254472CD68663003A668A /* Exceptions for "MoneyPlant App" folder in "MoneyPlant App" target */,
			);
			path = "MoneyPlant App";
			sourceTree = "<group>";
		};
/* End PBXFileSystemSynchronizedRootGroup section */

/* Begin PBXFrameworksBuildPhase section */
		7862542F2CD68662003A668A /* Frameworks */ = {
			isa = PBXFrameworksBuildPhase;
			buildActionMask = 2147483647;
			files = (
				78F101442D0F305500FD5774 /* FirebaseDatabase in Frameworks */,
				78F101252D0EF17000FD5774 /* FirebaseAppCheck in Frameworks */,
				78F1011F2D0EF17000FD5774 /* FirebaseAnalytics in Frameworks */,
				78F1013B2D0F277900FD5774 /* GoogleSignInSwift in Frameworks */,
				78F101272D0EF17000FD5774 /* FirebaseAppDistribution-Beta in Frameworks */,
				78F101482D0F305500FD5774 /* FirebaseStorage in Frameworks */,
				78F101232D0EF17000FD5774 /* FirebaseAnalyticsWithoutAdIdSupport in Frameworks */,
				78F101212D0EF17000FD5774 /* FirebaseAnalyticsOnDeviceConversion in Frameworks */,
				78F101392D0F277900FD5774 /* GoogleSignIn in Frameworks */,
				78F101422D0F305500FD5774 /* FirebaseCore in Frameworks */,
				78F101462D0F305500FD5774 /* FirebaseFirestore in Frameworks */,
				78F101402D0F301700FD5774 /* FirebaseAuth in Frameworks */,
			);
			runOnlyForDeploymentPostprocessing = 0;
		};
/* End PBXFrameworksBuildPhase section */

/* Begin PBXGroup section */
		786254292CD68662003A668A = {
			isa = PBXGroup;
			children = (
				786254342CD68662003A668A /* MoneyPlant App */,
				78F1013E2D0F301700FD5774 /* Frameworks */,
				786254332CD68662003A668A /* Products */,
			);
			sourceTree = "<group>";
		};
		786254332CD68662003A668A /* Products */ = {
			isa = PBXGroup;
			children = (
				786254322CD68662003A668A /* MoneyPlant App.app */,
			);
			name = Products;
			sourceTree = "<group>";
		};
		78F1013E2D0F301700FD5774 /* Frameworks */ = {
			isa = PBXGroup;
			children = (
			);
			name = Frameworks;
			sourceTree = "<group>";
		};
/* End PBXGroup section */

/* Begin PBXNativeTarget section */
		786254312CD68662003A668A /* MoneyPlant App */ = {
			isa = PBXNativeTarget;
			buildConfigurationList = 786254482CD68663003A668A /* Build configuration list for PBXNativeTarget "MoneyPlant App" */;
			buildPhases = (
				7862542E2CD68662003A668A /* Sources */,
				7862542F2CD68662003A668A /* Frameworks */,
				786254302CD68662003A668A /* Resources */,
				340EE7132CEB3813006A60DF /* Embed Frameworks */,
			);
			buildRules = (
			);
			dependencies = (
			);
			fileSystemSynchronizedGroups = (
				786254342CD68662003A668A /* MoneyPlant App */,
			);
			name = "MoneyPlant App";
			packageProductDependencies = (
				78F1011E2D0EF17000FD5774 /* FirebaseAnalytics */,
				78F101202D0EF17000FD5774 /* FirebaseAnalyticsOnDeviceConversion */,
				78F101222D0EF17000FD5774 /* FirebaseAnalyticsWithoutAdIdSupport */,
				78F101242D0EF17000FD5774 /* FirebaseAppCheck */,
				78F101262D0EF17000FD5774 /* FirebaseAppDistribution-Beta */,
				78F101382D0F277900FD5774 /* GoogleSignIn */,
				78F1013A2D0F277900FD5774 /* GoogleSignInSwift */,
				78F1013F2D0F301700FD5774 /* FirebaseAuth */,
				78F101412D0F305500FD5774 /* FirebaseCore */,
				78F101432D0F305500FD5774 /* FirebaseDatabase */,
				78F101452D0F305500FD5774 /* FirebaseFirestore */,
				78F101472D0F305500FD5774 /* FirebaseStorage */,
			);
			productName = "MoneyPlant App";
			productReference = 786254322CD68662003A668A /* MoneyPlant App.app */;
			productType = "com.apple.product-type.application";
		};
/* End PBXNativeTarget section */

/* Begin PBXProject section */
		7862542A2CD68662003A668A /* Project object */ = {
			isa = PBXProject;
			attributes = {
				BuildIndependentTargetsInParallel = 1;
				LastSwiftUpdateCheck = 1600;
				LastUpgradeCheck = 1600;
				TargetAttributes = {
					786254312CD68662003A668A = {
						CreatedOnToolsVersion = 16.0;
					};
				};
			};
			buildConfigurationList = 7862542D2CD68662003A668A /* Build configuration list for PBXProject "App_task" */;
			developmentRegion = en;
			hasScannedForEncodings = 0;
			knownRegions = (
				en,
				Base,
			);
			mainGroup = 786254292CD68662003A668A;
			minimizedProjectReferenceProxies = 1;
			packageReferences = (
				78F1011D2D0EF17000FD5774 /* XCRemoteSwiftPackageReference "firebase-ios-sdk" */,
				78F101372D0F277900FD5774 /* XCRemoteSwiftPackageReference "GoogleSignIn-iOS" */,
			);
			preferredProjectObjectVersion = 77;
			productRefGroup = 786254332CD68662003A668A /* Products */;
			projectDirPath = "";
			projectRoot = "";
			targets = (
				786254312CD68662003A668A /* MoneyPlant App */,
			);
		};
/* End PBXProject section */

/* Begin PBXResourcesBuildPhase section */
		786254302CD68662003A668A /* Resources */ = {
			isa = PBXResourcesBuildPhase;
			buildActionMask = 2147483647;
			files = (
			);
			runOnlyForDeploymentPostprocessing = 0;
		};
/* End PBXResourcesBuildPhase section */

/* Begin PBXSourcesBuildPhase section */
		7862542E2CD68662003A668A /* Sources */ = {
			isa = PBXSourcesBuildPhase;
			buildActionMask = 2147483647;
			files = (
			);
			runOnlyForDeploymentPostprocessing = 0;
		};
/* End PBXSourcesBuildPhase section */

/* Begin XCBuildConfiguration section */
		786254492CD68663003A668A /* Debug */ = {
			isa = XCBuildConfiguration;
			buildSettings = {
				ALWAYS_SEARCH_USER_PATHS = YES;
				ASSETCATALOG_COMPILER_APPICON_NAME = AppIcon;
				ASSETCATALOG_COMPILER_GLOBAL_ACCENT_COLOR_NAME = AccentColor;
				CODE_SIGN_STYLE = Automatic;
				CURRENT_PROJECT_VERSION = 1;
				DEVELOPMENT_TEAM = "";
				"FRAMEWORK_SEARCH_PATHS[arch=*]" = (
					"/Users/admin15/Desktop/MoneyPlant-iOS-App/MoneyPlant/**",
					"App/Charts/**",
				);
				GENERATE_INFOPLIST_FILE = YES;
				INFOPLIST_FILE = "MoneyPlant App/Info.plist";
				INFOPLIST_KEY_UIApplicationSupportsIndirectInputEvents = YES;
				INFOPLIST_KEY_UILaunchStoryboardName = LaunchScreen;
				INFOPLIST_KEY_UIMainStoryboardFile = Main;
				INFOPLIST_KEY_UISupportedInterfaceOrientations_iPad = "UIInterfaceOrientationPortrait UIInterfaceOrientationPortraitUpsideDown UIInterfaceOrientationLandscapeLeft UIInterfaceOrientationLandscapeRight";
				INFOPLIST_KEY_UISupportedInterfaceOrientations_iPhone = "UIInterfaceOrientationPortrait UIInterfaceOrientationLandscapeLeft UIInterfaceOrientationLandscapeRight";
				LD_RUNPATH_SEARCH_PATHS = (
					"$(inherited)",
					"@executable_path/Frameworks",
				);
				MARKETING_VERSION = 1.0;
				PRODUCT_BUNDLE_IDENTIFIER = "com.moneyplant.MoneyPlant-iOS-App";
				PRODUCT_NAME = "$(TARGET_NAME)";
				SWIFT_EMIT_LOC_STRINGS = YES;
				SWIFT_VERSION = 5.0;
				"SYSTEM_FRAMEWORK_SEARCH_PATHS[arch=*]" = (
					"/Users/admin15/Desktop/MoneyPlant-iOS-App/MoneyPlant/**",
					"App/Charts/**",
				);
				TARGETED_DEVICE_FAMILY = "1,2";
			};
			name = Debug;
		};
		7862544A2CD68663003A668A /* Release */ = {
			isa = XCBuildConfiguration;
			buildSettings = {
				ALWAYS_SEARCH_USER_PATHS = YES;
				ASSETCATALOG_COMPILER_APPICON_NAME = AppIcon;
				ASSETCATALOG_COMPILER_GLOBAL_ACCENT_COLOR_NAME = AccentColor;
				CODE_SIGN_STYLE = Automatic;
				CURRENT_PROJECT_VERSION = 1;
				DEVELOPMENT_TEAM = "";
				"FRAMEWORK_SEARCH_PATHS[arch=*]" = (
					"/Users/admin15/Desktop/MoneyPlant-iOS-App/MoneyPlant/**",
					"App/Charts/**",
				);
				GENERATE_INFOPLIST_FILE = YES;
				INFOPLIST_FILE = "MoneyPlant App/Info.plist";
				INFOPLIST_KEY_UIApplicationSupportsIndirectInputEvents = YES;
				INFOPLIST_KEY_UILaunchStoryboardName = LaunchScreen;
				INFOPLIST_KEY_UIMainStoryboardFile = Main;
				INFOPLIST_KEY_UISupportedInterfaceOrientations_iPad = "UIInterfaceOrientationPortrait UIInterfaceOrientationPortraitUpsideDown UIInterfaceOrientationLandscapeLeft UIInterfaceOrientationLandscapeRight";
				INFOPLIST_KEY_UISupportedInterfaceOrientations_iPhone = "UIInterfaceOrientationPortrait UIInterfaceOrientationLandscapeLeft UIInterfaceOrientationLandscapeRight";
				LD_RUNPATH_SEARCH_PATHS = (
					"$(inherited)",
					"@executable_path/Frameworks",
				);
				MARKETING_VERSION = 1.0;
				PRODUCT_BUNDLE_IDENTIFIER = "com.moneyplant.MoneyPlant-iOS-App";
				PRODUCT_NAME = "$(TARGET_NAME)";
				SWIFT_EMIT_LOC_STRINGS = YES;
				SWIFT_VERSION = 5.0;
				TARGETED_DEVICE_FAMILY = "1,2";
			};
			name = Release;
		};
		7862544B2CD68663003A668A /* Debug */ = {
			isa = XCBuildConfiguration;
			buildSettings = {
				ALWAYS_SEARCH_USER_PATHS = NO;
				ASSETCATALOG_COMPILER_GENERATE_SWIFT_ASSET_SYMBOL_EXTENSIONS = YES;
				CLANG_ANALYZER_NONNULL = YES;
				CLANG_ANALYZER_NUMBER_OBJECT_CONVERSION = YES_AGGRESSIVE;
				CLANG_CXX_LANGUAGE_STANDARD = "gnu++20";
				CLANG_ENABLE_MODULES = YES;
				CLANG_ENABLE_OBJC_ARC = YES;
				CLANG_ENABLE_OBJC_WEAK = YES;
				CLANG_WARN_BLOCK_CAPTURE_AUTORELEASING = YES;
				CLANG_WARN_BOOL_CONVERSION = YES;
				CLANG_WARN_COMMA = YES;
				CLANG_WARN_CONSTANT_CONVERSION = YES;
				CLANG_WARN_DEPRECATED_OBJC_IMPLEMENTATIONS = YES;
				CLANG_WARN_DIRECT_OBJC_ISA_USAGE = YES_ERROR;
				CLANG_WARN_DOCUMENTATION_COMMENTS = YES;
				CLANG_WARN_EMPTY_BODY = YES;
				CLANG_WARN_ENUM_CONVERSION = YES;
				CLANG_WARN_INFINITE_RECURSION = YES;
				CLANG_WARN_INT_CONVERSION = YES;
				CLANG_WARN_NON_LITERAL_NULL_CONVERSION = YES;
				CLANG_WARN_OBJC_IMPLICIT_RETAIN_SELF = YES;
				CLANG_WARN_OBJC_LITERAL_CONVERSION = YES;
				CLANG_WARN_OBJC_ROOT_CLASS = YES_ERROR;
				CLANG_WARN_QUOTED_INCLUDE_IN_FRAMEWORK_HEADER = YES;
				CLANG_WARN_RANGE_LOOP_ANALYSIS = YES;
				CLANG_WARN_STRICT_PROTOTYPES = YES;
				CLANG_WARN_SUSPICIOUS_MOVE = YES;
				CLANG_WARN_UNGUARDED_AVAILABILITY = YES_AGGRESSIVE;
				CLANG_WARN_UNREACHABLE_CODE = YES;
				CLANG_WARN__DUPLICATE_METHOD_MATCH = YES;
				COPY_PHASE_STRIP = NO;
				DEBUG_INFORMATION_FORMAT = dwarf;
				ENABLE_STRICT_OBJC_MSGSEND = YES;
				ENABLE_TESTABILITY = YES;
				ENABLE_USER_SCRIPT_SANDBOXING = YES;
				GCC_C_LANGUAGE_STANDARD = gnu17;
				GCC_DYNAMIC_NO_PIC = NO;
				GCC_NO_COMMON_BLOCKS = YES;
				GCC_OPTIMIZATION_LEVEL = 0;
				GCC_PREPROCESSOR_DEFINITIONS = (
					"DEBUG=1",
					"$(inherited)",
				);
				GCC_WARN_64_TO_32_BIT_CONVERSION = YES;
				GCC_WARN_ABOUT_RETURN_TYPE = YES_ERROR;
				GCC_WARN_UNDECLARED_SELECTOR = YES;
				GCC_WARN_UNINITIALIZED_AUTOS = YES_AGGRESSIVE;
				GCC_WARN_UNUSED_FUNCTION = YES;
				GCC_WARN_UNUSED_VARIABLE = YES;
				IPHONEOS_DEPLOYMENT_TARGET = 18.0;
				LOCALIZATION_PREFERS_STRING_CATALOGS = YES;
				MTL_ENABLE_DEBUG_INFO = INCLUDE_SOURCE;
				MTL_FAST_MATH = YES;
				ONLY_ACTIVE_ARCH = YES;
				SDKROOT = iphoneos;
				SWIFT_ACTIVE_COMPILATION_CONDITIONS = "DEBUG $(inherited)";
				SWIFT_OPTIMIZATION_LEVEL = "-Onone";
			};
			name = Debug;
		};
		7862544C2CD68663003A668A /* Release */ = {
			isa = XCBuildConfiguration;
			buildSettings = {
				ALWAYS_SEARCH_USER_PATHS = NO;
				ASSETCATALOG_COMPILER_GENERATE_SWIFT_ASSET_SYMBOL_EXTENSIONS = YES;
				CLANG_ANALYZER_NONNULL = YES;
				CLANG_ANALYZER_NUMBER_OBJECT_CONVERSION = YES_AGGRESSIVE;
				CLANG_CXX_LANGUAGE_STANDARD = "gnu++20";
				CLANG_ENABLE_MODULES = YES;
				CLANG_ENABLE_OBJC_ARC = YES;
				CLANG_ENABLE_OBJC_WEAK = YES;
				CLANG_WARN_BLOCK_CAPTURE_AUTORELEASING = YES;
				CLANG_WARN_BOOL_CONVERSION = YES;
				CLANG_WARN_COMMA = YES;
				CLANG_WARN_CONSTANT_CONVERSION = YES;
				CLANG_WARN_DEPRECATED_OBJC_IMPLEMENTATIONS = YES;
				CLANG_WARN_DIRECT_OBJC_ISA_USAGE = YES_ERROR;
				CLANG_WARN_DOCUMENTATION_COMMENTS = YES;
				CLANG_WARN_EMPTY_BODY = YES;
				CLANG_WARN_ENUM_CONVERSION = YES;
				CLANG_WARN_INFINITE_RECURSION = YES;
				CLANG_WARN_INT_CONVERSION = YES;
				CLANG_WARN_NON_LITERAL_NULL_CONVERSION = YES;
				CLANG_WARN_OBJC_IMPLICIT_RETAIN_SELF = YES;
				CLANG_WARN_OBJC_LITERAL_CONVERSION = YES;
				CLANG_WARN_OBJC_ROOT_CLASS = YES_ERROR;
				CLANG_WARN_QUOTED_INCLUDE_IN_FRAMEWORK_HEADER = YES;
				CLANG_WARN_RANGE_LOOP_ANALYSIS = YES;
				CLANG_WARN_STRICT_PROTOTYPES = YES;
				CLANG_WARN_SUSPICIOUS_MOVE = YES;
				CLANG_WARN_UNGUARDED_AVAILABILITY = YES_AGGRESSIVE;
				CLANG_WARN_UNREACHABLE_CODE = YES;
				CLANG_WARN__DUPLICATE_METHOD_MATCH = YES;
				COPY_PHASE_STRIP = NO;
				DEBUG_INFORMATION_FORMAT = "dwarf-with-dsym";
				ENABLE_NS_ASSERTIONS = NO;
				ENABLE_STRICT_OBJC_MSGSEND = YES;
				ENABLE_USER_SCRIPT_SANDBOXING = YES;
				GCC_C_LANGUAGE_STANDARD = gnu17;
				GCC_NO_COMMON_BLOCKS = YES;
				GCC_WARN_64_TO_32_BIT_CONVERSION = YES;
				GCC_WARN_ABOUT_RETURN_TYPE = YES_ERROR;
				GCC_WARN_UNDECLARED_SELECTOR = YES;
				GCC_WARN_UNINITIALIZED_AUTOS = YES_AGGRESSIVE;
				GCC_WARN_UNUSED_FUNCTION = YES;
				GCC_WARN_UNUSED_VARIABLE = YES;
				IPHONEOS_DEPLOYMENT_TARGET = 18.0;
				LOCALIZATION_PREFERS_STRING_CATALOGS = YES;
				MTL_ENABLE_DEBUG_INFO = NO;
				MTL_FAST_MATH = YES;
				SDKROOT = iphoneos;
				SWIFT_COMPILATION_MODE = wholemodule;
				VALIDATE_PRODUCT = YES;
			};
			name = Release;
		};
/* End XCBuildConfiguration section */

/* Begin XCConfigurationList section */
		7862542D2CD68662003A668A /* Build configuration list for PBXProject "App_task" */ = {
			isa = XCConfigurationList;
			buildConfigurations = (
				7862544B2CD68663003A668A /* Debug */,
				7862544C2CD68663003A668A /* Release */,
			);
			defaultConfigurationIsVisible = 0;
			defaultConfigurationName = Release;
		};
		786254482CD68663003A668A /* Build configuration list for PBXNativeTarget "MoneyPlant App" */ = {
			isa = XCConfigurationList;
			buildConfigurations = (
				786254492CD68663003A668A /* Debug */,
				7862544A2CD68663003A668A /* Release */,
			);
			defaultConfigurationIsVisible = 0;
			defaultConfigurationName = Release;
		};
/* End XCConfigurationList section */

/* Begin XCRemoteSwiftPackageReference section */
		78F1011D2D0EF17000FD5774 /* XCRemoteSwiftPackageReference "firebase-ios-sdk" */ = {
			isa = XCRemoteSwiftPackageReference;
			repositoryURL = "https://github.com/firebase/firebase-ios-sdk";
			requirement = {
				kind = upToNextMajorVersion;
				minimumVersion = 11.6.0;
			};
		};
		78F101372D0F277900FD5774 /* XCRemoteSwiftPackageReference "GoogleSignIn-iOS" */ = {
			isa = XCRemoteSwiftPackageReference;
			repositoryURL = "https://github.com/google/GoogleSignIn-iOS";
			requirement = {
				kind = upToNextMajorVersion;
				minimumVersion = 8.0.0;
			};
		};
/* End XCRemoteSwiftPackageReference section */

/* Begin XCSwiftPackageProductDependency section */
		78F1011E2D0EF17000FD5774 /* FirebaseAnalytics */ = {
			isa = XCSwiftPackageProductDependency;
			package = 78F1011D2D0EF17000FD5774 /* XCRemoteSwiftPackageReference "firebase-ios-sdk" */;
			productName = FirebaseAnalytics;
		};
		78F101202D0EF17000FD5774 /* FirebaseAnalyticsOnDeviceConversion */ = {
			isa = XCSwiftPackageProductDependency;
			package = 78F1011D2D0EF17000FD5774 /* XCRemoteSwiftPackageReference "firebase-ios-sdk" */;
			productName = FirebaseAnalyticsOnDeviceConversion;
		};
		78F101222D0EF17000FD5774 /* FirebaseAnalyticsWithoutAdIdSupport */ = {
			isa = XCSwiftPackageProductDependency;
			package = 78F1011D2D0EF17000FD5774 /* XCRemoteSwiftPackageReference "firebase-ios-sdk" */;
			productName = FirebaseAnalyticsWithoutAdIdSupport;
		};
		78F101242D0EF17000FD5774 /* FirebaseAppCheck */ = {
			isa = XCSwiftPackageProductDependency;
			package = 78F1011D2D0EF17000FD5774 /* XCRemoteSwiftPackageReference "firebase-ios-sdk" */;
			productName = FirebaseAppCheck;
		};
		78F101262D0EF17000FD5774 /* FirebaseAppDistribution-Beta */ = {
			isa = XCSwiftPackageProductDependency;
			package = 78F1011D2D0EF17000FD5774 /* XCRemoteSwiftPackageReference "firebase-ios-sdk" */;
			productName = "FirebaseAppDistribution-Beta";
		};
		78F101382D0F277900FD5774 /* GoogleSignIn */ = {
			isa = XCSwiftPackageProductDependency;
			package = 78F101372D0F277900FD5774 /* XCRemoteSwiftPackageReference "GoogleSignIn-iOS" */;
			productName = GoogleSignIn;
		};
		78F1013A2D0F277900FD5774 /* GoogleSignInSwift */ = {
			isa = XCSwiftPackageProductDependency;
			package = 78F101372D0F277900FD5774 /* XCRemoteSwiftPackageReference "GoogleSignIn-iOS" */;
			productName = GoogleSignInSwift;
		};
		78F1013F2D0F301700FD5774 /* FirebaseAuth */ = {
			isa = XCSwiftPackageProductDependency;
			package = 78F1011D2D0EF17000FD5774 /* XCRemoteSwiftPackageReference "firebase-ios-sdk" */;
			productName = FirebaseAuth;
		};
		78F101412D0F305500FD5774 /* FirebaseCore */ = {
			isa = XCSwiftPackageProductDependency;
			package = 78F1011D2D0EF17000FD5774 /* XCRemoteSwiftPackageReference "firebase-ios-sdk" */;
			productName = FirebaseCore;
		};
		78F101432D0F305500FD5774 /* FirebaseDatabase */ = {
			isa = XCSwiftPackageProductDependency;
			package = 78F1011D2D0EF17000FD5774 /* XCRemoteSwiftPackageReference "firebase-ios-sdk" */;
			productName = FirebaseDatabase;
		};
		78F101452D0F305500FD5774 /* FirebaseFirestore */ = {
			isa = XCSwiftPackageProductDependency;
			package = 78F1011D2D0EF17000FD5774 /* XCRemoteSwiftPackageReference "firebase-ios-sdk" */;
			productName = FirebaseFirestore;
		};
		78F101472D0F305500FD5774 /* FirebaseStorage */ = {
			isa = XCSwiftPackageProductDependency;
			package = 78F1011D2D0EF17000FD5774 /* XCRemoteSwiftPackageReference "firebase-ios-sdk" */;
			productName = FirebaseStorage;
		};
/* End XCSwiftPackageProductDependency section */
	};
	rootObject = 7862542A2CD68662003A668A /* Project object */;
}
